
Microsoft Visual Studio Solution File, Format Version 12.00
# Visual Studio 15
VisualStudioVersion = 15.0.28010.2041
MinimumVisualStudioVersion = 10.0.40219.1
Project("{FAE04EC0-301F-11D3-BF4B-00C04F79EFBC}") = "leptonica.net", "leptonica.net\leptonica.net.csproj", "{821E68DA-A2A3-40BF-9829-D5806DCB7EEF}"
EndProject
Project("{FAE04EC0-301F-11D3-BF4B-00C04F79EFBC}") = "leptonica.net.console", "leptonica.net.console\leptonica.net.console.csproj", "{B1C5D767-D733-4988-80F2-FA4C1F40C8F5}"
EndProject
Project("{FAE04EC0-301F-11D3-BF4B-00C04F79EFBC}") = "leptonica.net.test", "leptonica.net.test\leptonica.net.test.csproj", "{30ADD123-858C-48AE-B219-85D3E8E3D32A}"
EndProject
Project("{2150E333-8FDC-42A3-9474-1A3956D46DE8}") = "images", "images", "{5E85B560-4B5D-4151-B15B-28A06056CFA6}"
	ProjectSection(SolutionItems) = preProject
		images\1555.003.jpg = images\1555.003.jpg
		images\1555.007.jpg = images\1555.007.jpg
		images\19-colors.png = images\19-colors.png
		images\amoris.2.150.jpg = images\amoris.2.150.jpg
		images\aneurisms8.jpg = images\aneurisms8.jpg
		images\arabic.png = images\arabic.png
		images\arabic2.png = images\arabic2.png
		images\barcode-128-300.png = images\barcode-128-300.png
		images\barcode-2of5-300.png = images\barcode-2of5-300.png
		images\barcode-39-300.png = images\barcode-39-300.png
		images\barcode-93-300.png = images\barcode-93-300.png
		images\barcode-codabar-300.png = images\barcode-codabar-300.png
		images\barcode-digits.png = images\barcode-digits.png
		images\barcode-i2of5-300.png = images\barcode-i2of5-300.png
		images\barcode-upc-300.png = images\barcode-upc-300.png
		images\barcodetest1.jpg = images\barcodetest1.jpg
		images\barcodetest2.jpg = images\barcodetest2.jpg
		images\bigweasel2.4c.png = images\bigweasel2.4c.png
		images\binding-example.45.jpg = images\binding-example.45.jpg
		images\blend-green1.jpg = images\blend-green1.jpg
		images\blend-green2.png = images\blend-green2.png
		images\blend-green3.png = images\blend-green3.png
		images\blend-orange.jpg = images\blend-orange.jpg
		images\blend-red.png = images\blend-red.png
		images\blend-yellow.jpg = images\blend-yellow.jpg
		images\blender1.tif = images\blender1.tif
		images\blender8.png = images\blender8.png
		images\blendtext.tif = images\blendtext.tif
		images\books_logo.png = images\books_logo.png
		images\boxedpage.jpg = images\boxedpage.jpg
		images\brev.06.75.jpg = images\brev.06.75.jpg
		images\brev.10.75.jpg = images\brev.10.75.jpg
		images\brev.14.75.jpg = images\brev.14.75.jpg
		images\brev.20.75.jpg = images\brev.20.75.jpg
		images\brev.36.75.jpg = images\brev.36.75.jpg
		images\brev.53.75.jpg = images\brev.53.75.jpg
		images\brev.56.75.jpg = images\brev.56.75.jpg
		images\breviar.38.150.jpg = images\breviar.38.150.jpg
		images\brothers.150.jpg = images\brothers.150.jpg
		images\candelabrum.011.jpg = images\candelabrum.011.jpg
		images\cat.007.jpg = images\cat.007.jpg
		images\cat.035.jpg = images\cat.035.jpg
		images\cavalerie.11.jpg = images\cavalerie.11.jpg
		images\cavalerie.29.jpg = images\cavalerie.29.jpg
		images\char.tif = images\char.tif
		images\chars-10.tif = images\chars-10.tif
		images\chars-12.tif = images\chars-12.tif
		images\chars-14.tif = images\chars-14.tif
		images\chars-16.tif = images\chars-16.tif
		images\chars-18.tif = images\chars-18.tif
		images\chars-20.tif = images\chars-20.tif
		images\chars-4.tif = images\chars-4.tif
		images\chars-6.tif = images\chars-6.tif
		images\chars-8.tif = images\chars-8.tif
		images\church.png = images\church.png
		images\coffeebeans.png = images\coffeebeans.png
		images\color-wheel-hue.jpg = images\color-wheel-hue.jpg
		images\colorpage.030.jpg = images\colorpage.030.jpg
		images\colorseg.jpg = images\colorseg.jpg
		images\comap.063.jpg = images\comap.063.jpg
		images\comap.068.jpg = images\comap.068.jpg
		images\comap.073.jpg = images\comap.073.jpg
		images\comap.100.jpg = images\comap.100.jpg
		images\comap.110.jpg = images\comap.110.jpg
		images\comap.118.jpg = images\comap.118.jpg
		images\contrast-orig-60.jpg = images\contrast-orig-60.jpg
		images\contrast1.jpg = images\contrast1.jpg
		images\cootoots.png = images\cootoots.png
		images\copernicus.png = images\copernicus.png
		images\dave-orig.png = images\dave-orig.png
		images\dreyfus2.png = images\dreyfus2.png
		images\dreyfus4.png = images\dreyfus4.png
		images\dreyfus8.png = images\dreyfus8.png
		images\feyn-fract.tif = images\feyn-fract.tif
		images\feyn-fract2.tif = images\feyn-fract2.tif
		images\feyn-word.tif = images\feyn-word.tif
		images\feyn.tif = images\feyn.tif
		images\feynman-stamp.jpg = images\feynman-stamp.jpg
		images\fish24.jpg = images\fish24.jpg
		images\form1.tif = images\form1.tif
		images\form2.tif = images\form2.tif
		images\german.png = images\german.png
		images\google-searchbox.png = images\google-searchbox.png
		images\graytext.png = images\graytext.png
		images\greencover.jpg = images\greencover.jpg
		images\hardlight1_1.jpg = images\hardlight1_1.jpg
		images\hardlight1_2.jpg = images\hardlight1_2.jpg
		images\hardlight2_1.jpg = images\hardlight2_1.jpg
		images\hardlight2_2.jpg = images\hardlight2_2.jpg
		images\harmoniam-11.tif = images\harmoniam-11.tif
		images\harmoniam100-11.png = images\harmoniam100-11.png
		images\hole-filler.png = images\hole-filler.png
		images\italic.png = images\italic.png
		images\jpeg-coded.tif = images\jpeg-coded.tif
		images\juditharismax.jpg = images\juditharismax.jpg
		images\karen8.jpg = images\karen8.jpg
		images\keystone.png = images\keystone.png
		images\lapide.052.100.jpg = images\lapide.052.100.jpg
		images\Leptonica.jpg = images\Leptonica.jpg
		images\lighttext.jpg = images\lighttext.jpg
		images\lion-mask.00010.tif = images\lion-mask.00010.tif
		images\lion-mask.00016.tif = images\lion-mask.00016.tif
		images\lion-page.00010.jpg = images\lion-page.00010.jpg
		images\lion-page.00011.png = images\lion-page.00011.png
		images\lion-page.00012.png = images\lion-page.00012.png
		images\lion-page.00013.png = images\lion-page.00013.png
		images\lion-page.00016.jpg = images\lion-page.00016.jpg
		images\lion-page.00017.png = images\lion-page.00017.png
		images\lucasta-frag.jpg = images\lucasta-frag.jpg
		images\lucasta.047.jpg = images\lucasta.047.jpg
		images\lucasta.1.300.tif = images\lucasta.1.300.tif
		images\lucasta.150.jpg = images\lucasta.150.jpg
		images\lyra.005.jpg = images\lyra.005.jpg
		images\lyra.036.jpg = images\lyra.036.jpg
		images\map.057.jpg = images\map.057.jpg
		images\map1.jpg = images\map1.jpg
		images\marge.jpg = images\marge.jpg
		images\pageseg1.tif = images\pageseg1.tif
		images\pageseg2-mask.png = images\pageseg2-mask.png
		images\pageseg2-seed.png = images\pageseg2-seed.png
		images\pageseg2.tif = images\pageseg2.tif
		images\pageseg3.tif = images\pageseg3.tif
		images\pageseg4.tif = images\pageseg4.tif
		images\patent.png = images\patent.png
		images\pedante.079.jpg = images\pedante.079.jpg
		images\percolate-4cc.png = images\percolate-4cc.png
		images\percolate-8cc.png = images\percolate-8cc.png
		images\projectionstats.jpg = images\projectionstats.jpg
		images\rabi-tiny.png = images\rabi-tiny.png
		images\rabi.png = images\rabi.png
		images\raggededge.png = images\raggededge.png
		images\redcover.jpg = images\redcover.jpg
		images\rock.png = images\rock.png
		images\scots-frag.tif = images\scots-frag.tif
		images\sevens.tif = images\sevens.tif
		images\shearer.148.tif = images\shearer.148.tif
		images\speckle.png = images\speckle.png
		images\speckle2.png = images\speckle2.png
		images\speckle4.png = images\speckle4.png
		images\stampede2.jpg = images\stampede2.jpg
		images\table.15.tif = images\table.15.tif
		images\table.150.png = images\table.150.png
		images\table.27.tif = images\table.27.tif
		images\table1.png = images\table1.png
		images\test-1bit-alpha.png = images\test-1bit-alpha.png
		images\test-87220.59.png = images\test-87220.59.png
		images\test-cmap-alpha.png = images\test-cmap-alpha.png
		images\test-cmap-alpha2.png = images\test-cmap-alpha2.png
		images\test-fulltrans-alpha.png = images\test-fulltrans-alpha.png
		images\test-gray-alpha.png = images\test-gray-alpha.png
		images\Test.png = images\Test.png
		images\test1.png = images\test1.png
		images\test16.png = images\test16.png
		images\test16.tif = images\test16.tif
		images\test24.jpg = images\test24.jpg
		images\test32-alpha.png = images\test32-alpha.png
		images\test8.jpg = images\test8.jpg
		images\tetons.jpg = images\tetons.jpg
		images\tickets.tif = images\tickets.tif
		images\toc.99.tif = images\toc.99.tif
		images\topotest.png = images\topotest.png
		images\tribune-page-4x.png = images\tribune-page-4x.png
		images\tribune-t.png = images\tribune-t.png
		images\tribune-word.png = images\tribune-word.png
		images\turingtest.png = images\turingtest.png
		images\w91frag.jpg = images\w91frag.jpg
		images\warped_paper.jpg = images\warped_paper.jpg
		images\warped_sudoku.jpg = images\warped_sudoku.jpg
		images\weasel-113c.png = images\weasel-113c.png
		images\weasel-44c.png = images\weasel-44c.png
		images\weasel-4c.2.png = images\weasel-4c.2.png
		images\weasel-64g.png = images\weasel-64g.png
		images\weasel-8g.png = images\weasel-8g.png
		images\weasel2.4c.png = images\weasel2.4c.png
		images\weasel2.4g.png = images\weasel2.4g.png
		images\weasel2.png = images\weasel2.png
		images\weasel32.png = images\weasel32.png
		images\weasel4.11c.png = images\weasel4.11c.png
		images\weasel4.16c.png = images\weasel4.16c.png
		images\weasel4.16g.png = images\weasel4.16g.png
		images\weasel4.5g.png = images\weasel4.5g.png
		images\weasel4.8g.png = images\weasel4.8g.png
		images\weasel4.png = images\weasel4.png
		images\weasel8.149g.png = images\weasel8.149g.png
		images\weasel8.16g.nocmap.png = images\weasel8.16g.nocmap.png
		images\weasel8.16g.png = images\weasel8.16g.png
		images\weasel8.240c.png = images\weasel8.240c.png
		images\weasel8.5g.nocmap.png = images\weasel8.5g.nocmap.png
		images\weasel8.5g.png = images\weasel8.5g.png
		images\weasel8.png = images\weasel8.png
		images\wet-day.jpg = images\wet-day.jpg
		images\witten.tif = images\witten.tif
		images\words.15.tif = images\words.15.tif
		images\words.44.tif = images\words.44.tif
		images\wyom.jpg = images\wyom.jpg
		images\zanotti-78.jpg = images\zanotti-78.jpg
	EndProjectSection
EndProject
Global
	GlobalSection(SolutionConfigurationPlatforms) = preSolution
		Debug|Any CPU = Debug|Any CPU
		net45|Any CPU = net45|Any CPU
		net452|Any CPU = net452|Any CPU
		net462|Any CPU = net462|Any CPU
		net471|Any CPU = net471|Any CPU
		Release|Any CPU = Release|Any CPU
	EndGlobalSection
	GlobalSection(ProjectConfigurationPlatforms) = postSolution
		{821E68DA-A2A3-40BF-9829-D5806DCB7EEF}.Debug|Any CPU.ActiveCfg = Debug|Any CPU
		{821E68DA-A2A3-40BF-9829-D5806DCB7EEF}.Debug|Any CPU.Build.0 = Debug|Any CPU
		{821E68DA-A2A3-40BF-9829-D5806DCB7EEF}.net45|Any CPU.ActiveCfg = net452|Any CPU
		{821E68DA-A2A3-40BF-9829-D5806DCB7EEF}.net45|Any CPU.Build.0 = net452|Any CPU
		{821E68DA-A2A3-40BF-9829-D5806DCB7EEF}.net452|Any CPU.ActiveCfg = net452|Any CPU
		{821E68DA-A2A3-40BF-9829-D5806DCB7EEF}.net452|Any CPU.Build.0 = net452|Any CPU
		{821E68DA-A2A3-40BF-9829-D5806DCB7EEF}.net462|Any CPU.ActiveCfg = net462|Any CPU
		{821E68DA-A2A3-40BF-9829-D5806DCB7EEF}.net462|Any CPU.Build.0 = net462|Any CPU
		{821E68DA-A2A3-40BF-9829-D5806DCB7EEF}.net471|Any CPU.ActiveCfg = net471|Any CPU
		{821E68DA-A2A3-40BF-9829-D5806DCB7EEF}.net471|Any CPU.Build.0 = net471|Any CPU
		{821E68DA-A2A3-40BF-9829-D5806DCB7EEF}.Release|Any CPU.ActiveCfg = Release|Any CPU
		{821E68DA-A2A3-40BF-9829-D5806DCB7EEF}.Release|Any CPU.Build.0 = Release|Any CPU
		{B1C5D767-D733-4988-80F2-FA4C1F40C8F5}.Debug|Any CPU.ActiveCfg = Debug|Any CPU
		{B1C5D767-D733-4988-80F2-FA4C1F40C8F5}.Debug|Any CPU.Build.0 = Debug|Any CPU
		{B1C5D767-D733-4988-80F2-FA4C1F40C8F5}.net45|Any CPU.ActiveCfg = net45|Any CPU
		{B1C5D767-D733-4988-80F2-FA4C1F40C8F5}.net45|Any CPU.Build.0 = net45|Any CPU
		{B1C5D767-D733-4988-80F2-FA4C1F40C8F5}.net452|Any CPU.ActiveCfg = net452|Any CPU
		{B1C5D767-D733-4988-80F2-FA4C1F40C8F5}.net452|Any CPU.Build.0 = net452|Any CPU
		{B1C5D767-D733-4988-80F2-FA4C1F40C8F5}.net462|Any CPU.ActiveCfg = net462|Any CPU
		{B1C5D767-D733-4988-80F2-FA4C1F40C8F5}.net462|Any CPU.Build.0 = net462|Any CPU
		{B1C5D767-D733-4988-80F2-FA4C1F40C8F5}.net471|Any CPU.ActiveCfg = net471|Any CPU
		{B1C5D767-D733-4988-80F2-FA4C1F40C8F5}.net471|Any CPU.Build.0 = net471|Any CPU
		{B1C5D767-D733-4988-80F2-FA4C1F40C8F5}.Release|Any CPU.ActiveCfg = Release|Any CPU
		{B1C5D767-D733-4988-80F2-FA4C1F40C8F5}.Release|Any CPU.Build.0 = Release|Any CPU
		{30ADD123-858C-48AE-B219-85D3E8E3D32A}.Debug|Any CPU.ActiveCfg = Debug|Any CPU
		{30ADD123-858C-48AE-B219-85D3E8E3D32A}.Debug|Any CPU.Build.0 = Debug|Any CPU
		{30ADD123-858C-48AE-B219-85D3E8E3D32A}.net45|Any CPU.ActiveCfg = net45|Any CPU
		{30ADD123-858C-48AE-B219-85D3E8E3D32A}.net45|Any CPU.Build.0 = net45|Any CPU
		{30ADD123-858C-48AE-B219-85D3E8E3D32A}.net452|Any CPU.ActiveCfg = net452|Any CPU
		{30ADD123-858C-48AE-B219-85D3E8E3D32A}.net452|Any CPU.Build.0 = net452|Any CPU
		{30ADD123-858C-48AE-B219-85D3E8E3D32A}.net462|Any CPU.ActiveCfg = net462|Any CPU
		{30ADD123-858C-48AE-B219-85D3E8E3D32A}.net462|Any CPU.Build.0 = net462|Any CPU
		{30ADD123-858C-48AE-B219-85D3E8E3D32A}.net471|Any CPU.ActiveCfg = net471|Any CPU
		{30ADD123-858C-48AE-B219-85D3E8E3D32A}.net471|Any CPU.Build.0 = net471|Any CPU
		{30ADD123-858C-48AE-B219-85D3E8E3D32A}.Release|Any CPU.ActiveCfg = Release|Any CPU
		{30ADD123-858C-48AE-B219-85D3E8E3D32A}.Release|Any CPU.Build.0 = Release|Any CPU
	EndGlobalSection
	GlobalSection(SolutionProperties) = preSolution
		HideSolutionNode = FALSE
	EndGlobalSection
	GlobalSection(ExtensibilityGlobals) = postSolution
		SolutionGuid = {059103BC-CE41-4C77-B771-AC1D1A9C3805}
	EndGlobalSection
EndGlobal
