
Microsoft Visual Studio Solution File, Format Version 12.00
# Visual Studio 14
VisualStudioVersion = 14.0.25420.1
MinimumVisualStudioVersion = 10.0.40219.1
Project("{FAE04EC0-301F-11D3-BF4B-00C04F79EFBC}") = "leptonica.net", "leptonica.net\leptonica.net.csproj", "{821E68DA-A2A3-40BF-9829-D5806DCB7EEF}"
EndProject
Project("{FAE04EC0-301F-11D3-BF4B-00C04F79EFBC}") = "leptonica.net.console", "leptonica.net.console\leptonica.net.console.csproj", "{B1C5D767-D733-4988-80F2-FA4C1F40C8F5}"
EndProject
Project("{FAE04EC0-301F-11D3-BF4B-00C04F79EFBC}") = "leptonica.net.test", "leptonica.net.test\leptonica.net.test.csproj", "{30ADD123-858C-48AE-B219-85D3E8E3D32A}"
EndProject
Global
	GlobalSection(SolutionConfigurationPlatforms) = preSolution
		Debug|Any CPU = Debug|Any CPU
		net45|Any CPU = net45|Any CPU
		net452|Any CPU = net452|Any CPU
		net462|Any CPU = net462|Any CPU
		net471|Any CPU = net471|Any CPU
		Release|Any CPU = Release|Any CPU
	EndGlobalSection
	GlobalSection(ProjectConfigurationPlatforms) = postSolution
		{821E68DA-A2A3-40BF-9829-D5806DCB7EEF}.Debug|Any CPU.ActiveCfg = Debug|Any CPU
		{821E68DA-A2A3-40BF-9829-D5806DCB7EEF}.Debug|Any CPU.Build.0 = Debug|Any CPU
		{821E68DA-A2A3-40BF-9829-D5806DCB7EEF}.net45|Any CPU.ActiveCfg = net45|Any CPU
		{821E68DA-A2A3-40BF-9829-D5806DCB7EEF}.net45|Any CPU.Build.0 = net45|Any CPU
		{821E68DA-A2A3-40BF-9829-D5806DCB7EEF}.net452|Any CPU.ActiveCfg = net452|Any CPU
		{821E68DA-A2A3-40BF-9829-D5806DCB7EEF}.net452|Any CPU.Build.0 = net452|Any CPU
		{821E68DA-A2A3-40BF-9829-D5806DCB7EEF}.net462|Any CPU.ActiveCfg = net462|Any CPU
		{821E68DA-A2A3-40BF-9829-D5806DCB7EEF}.net462|Any CPU.Build.0 = net462|Any CPU
		{821E68DA-A2A3-40BF-9829-D5806DCB7EEF}.net471|Any CPU.ActiveCfg = net471|Any CPU
		{821E68DA-A2A3-40BF-9829-D5806DCB7EEF}.net471|Any CPU.Build.0 = net471|Any CPU
		{821E68DA-A2A3-40BF-9829-D5806DCB7EEF}.Release|Any CPU.ActiveCfg = Release|Any CPU
		{821E68DA-A2A3-40BF-9829-D5806DCB7EEF}.Release|Any CPU.Build.0 = Release|Any CPU
		{B1C5D767-D733-4988-80F2-FA4C1F40C8F5}.Debug|Any CPU.ActiveCfg = Debug|Any CPU
		{B1C5D767-D733-4988-80F2-FA4C1F40C8F5}.Debug|Any CPU.Build.0 = Debug|Any CPU
		{B1C5D767-D733-4988-80F2-FA4C1F40C8F5}.net45|Any CPU.ActiveCfg = net45|Any CPU
		{B1C5D767-D733-4988-80F2-FA4C1F40C8F5}.net45|Any CPU.Build.0 = net45|Any CPU
		{B1C5D767-D733-4988-80F2-FA4C1F40C8F5}.net452|Any CPU.ActiveCfg = net452|Any CPU
		{B1C5D767-D733-4988-80F2-FA4C1F40C8F5}.net452|Any CPU.Build.0 = net452|Any CPU
		{B1C5D767-D733-4988-80F2-FA4C1F40C8F5}.net462|Any CPU.ActiveCfg = net462|Any CPU
		{B1C5D767-D733-4988-80F2-FA4C1F40C8F5}.net462|Any CPU.Build.0 = net462|Any CPU
		{B1C5D767-D733-4988-80F2-FA4C1F40C8F5}.net471|Any CPU.ActiveCfg = net471|Any CPU
		{B1C5D767-D733-4988-80F2-FA4C1F40C8F5}.net471|Any CPU.Build.0 = net471|Any CPU
		{B1C5D767-D733-4988-80F2-FA4C1F40C8F5}.Release|Any CPU.ActiveCfg = Release|Any CPU
		{B1C5D767-D733-4988-80F2-FA4C1F40C8F5}.Release|Any CPU.Build.0 = Release|Any CPU
		{30ADD123-858C-48AE-B219-85D3E8E3D32A}.Debug|Any CPU.ActiveCfg = Debug|Any CPU
		{30ADD123-858C-48AE-B219-85D3E8E3D32A}.Debug|Any CPU.Build.0 = Debug|Any CPU
		{30ADD123-858C-48AE-B219-85D3E8E3D32A}.net45|Any CPU.ActiveCfg = net45|Any CPU
		{30ADD123-858C-48AE-B219-85D3E8E3D32A}.net45|Any CPU.Build.0 = net45|Any CPU
		{30ADD123-858C-48AE-B219-85D3E8E3D32A}.net452|Any CPU.ActiveCfg = net452|Any CPU
		{30ADD123-858C-48AE-B219-85D3E8E3D32A}.net452|Any CPU.Build.0 = net452|Any CPU
		{30ADD123-858C-48AE-B219-85D3E8E3D32A}.net462|Any CPU.ActiveCfg = net462|Any CPU
		{30ADD123-858C-48AE-B219-85D3E8E3D32A}.net462|Any CPU.Build.0 = net462|Any CPU
		{30ADD123-858C-48AE-B219-85D3E8E3D32A}.net471|Any CPU.ActiveCfg = net471|Any CPU
		{30ADD123-858C-48AE-B219-85D3E8E3D32A}.net471|Any CPU.Build.0 = net471|Any CPU
		{30ADD123-858C-48AE-B219-85D3E8E3D32A}.Release|Any CPU.ActiveCfg = Release|Any CPU
		{30ADD123-858C-48AE-B219-85D3E8E3D32A}.Release|Any CPU.Build.0 = Release|Any CPU
	EndGlobalSection
	GlobalSection(SolutionProperties) = preSolution
		HideSolutionNode = FALSE
	EndGlobalSection
	GlobalSection(ExtensibilityGlobals) = postSolution
		SolutionGuid = {059103BC-CE41-4C77-B771-AC1D1A9C3805}
	EndGlobalSection
EndGlobal
